{
  "name": "frontend",
  "version": "1.0.0",
  "lockfileVersion": 1,
  "requires": true,
  "dependencies": {
    "@types/numeral": {
      "version": "0.0.29",
      "resolved": "https://registry.npmjs.org/@types/numeral/-/numeral-0.0.29.tgz",
      "integrity": "sha512-uf5Rlq4FWJhaz4GSplEcenC40hTINy+efewZXULqXrSdddibcN2yPKQBjQ8K5kXk12Wnu6GdjB1/P5ovJso6Vg==",
      "dev": true
    }
  }
}
